
Microsoft Visual Studio Solution File, Format Version 12.00
# Visual Studio Version 17
VisualStudioVersion = 17.11.35431.28
MinimumVisualStudioVersion = 10.0.40219.1
Project("{2150E333-8FDC-42A3-9474-1A3956D46DE8}") = "E-Association.Core", "E-Association.Core", "{CF3FBDFF-4C60-4685-BA68-7D7C35F613BD}"
EndProject
Project("{2150E333-8FDC-42A3-9474-1A3956D46DE8}") = "E-Association.Infrastructure", "E-Association.Infrastructure", "{57189CE1-40C6-475B-932E-B94DE3F67F9A}"
EndProject
Project("{2150E333-8FDC-42A3-9474-1A3956D46DE8}") = "E-Association.API", "E-Association.API", "{FFB5F752-1C9C-4616-B643-31559BAB2BCA}"
EndProject
Project("{9A19103F-16F7-4668-BE54-9A1E7A4F7556}") = "E-Association.API", "E-Association.API\E-Association.API.csproj", "{91FB63D1-517E-4263-9DCB-ADF7AB4BDAAA}"
EndProject
Project("{9A19103F-16F7-4668-BE54-9A1E7A4F7556}") = "E-Association.Infrastructure", "E-Association.Infrastructure\E-Association.Infrastructure.csproj", "{39B2DEA7-2A5A-4535-9542-802E1AB2E0C6}"
EndProject
Project("{2150E333-8FDC-42A3-9474-1A3956D46DE8}") = "E-Association.Service", "E-Association.Service", "{A7182947-5E9D-4DF7-870F-7CCDFE091DA5}"
EndProject
Project("{FAE04EC0-301F-11D3-BF4B-00C04F79EFBC}") = "E-Association.Service", "E-Association.Service\E-Association.Service.csproj", "{353ECCCB-510B-4E72-A70B-F0F3CD88227D}"
EndProject
Project("{FAE04EC0-301F-11D3-BF4B-00C04F79EFBC}") = "E_Association.Core", "E_Association.Core\E_Association.Core.csproj", "{F9F993D0-F062-494F-8900-FCBA5C2900D4}"
EndProject
Global
	GlobalSection(SolutionConfigurationPlatforms) = preSolution
		Debug|Any CPU = Debug|Any CPU
		Release|Any CPU = Release|Any CPU
	EndGlobalSection
	GlobalSection(ProjectConfigurationPlatforms) = postSolution
		{91FB63D1-517E-4263-9DCB-ADF7AB4BDAAA}.Debug|Any CPU.ActiveCfg = Debug|Any CPU
		{91FB63D1-517E-4263-9DCB-ADF7AB4BDAAA}.Debug|Any CPU.Build.0 = Debug|Any CPU
		{91FB63D1-517E-4263-9DCB-ADF7AB4BDAAA}.Release|Any CPU.ActiveCfg = Release|Any CPU
		{91FB63D1-517E-4263-9DCB-ADF7AB4BDAAA}.Release|Any CPU.Build.0 = Release|Any CPU
		{39B2DEA7-2A5A-4535-9542-802E1AB2E0C6}.Debug|Any CPU.ActiveCfg = Debug|Any CPU
		{39B2DEA7-2A5A-4535-9542-802E1AB2E0C6}.Debug|Any CPU.Build.0 = Debug|Any CPU
		{39B2DEA7-2A5A-4535-9542-802E1AB2E0C6}.Release|Any CPU.ActiveCfg = Release|Any CPU
		{39B2DEA7-2A5A-4535-9542-802E1AB2E0C6}.Release|Any CPU.Build.0 = Release|Any CPU
		{353ECCCB-510B-4E72-A70B-F0F3CD88227D}.Debug|Any CPU.ActiveCfg = Debug|Any CPU
		{353ECCCB-510B-4E72-A70B-F0F3CD88227D}.Debug|Any CPU.Build.0 = Debug|Any CPU
		{353ECCCB-510B-4E72-A70B-F0F3CD88227D}.Release|Any CPU.ActiveCfg = Release|Any CPU
		{353ECCCB-510B-4E72-A70B-F0F3CD88227D}.Release|Any CPU.Build.0 = Release|Any CPU
		{F9F993D0-F062-494F-8900-FCBA5C2900D4}.Debug|Any CPU.ActiveCfg = Debug|Any CPU
		{F9F993D0-F062-494F-8900-FCBA5C2900D4}.Debug|Any CPU.Build.0 = Debug|Any CPU
		{F9F993D0-F062-494F-8900-FCBA5C2900D4}.Release|Any CPU.ActiveCfg = Release|Any CPU
		{F9F993D0-F062-494F-8900-FCBA5C2900D4}.Release|Any CPU.Build.0 = Release|Any CPU
	EndGlobalSection
	GlobalSection(SolutionProperties) = preSolution
		HideSolutionNode = FALSE
	EndGlobalSection
	GlobalSection(NestedProjects) = preSolution
		{91FB63D1-517E-4263-9DCB-ADF7AB4BDAAA} = {FFB5F752-1C9C-4616-B643-31559BAB2BCA}
		{39B2DEA7-2A5A-4535-9542-802E1AB2E0C6} = {57189CE1-40C6-475B-932E-B94DE3F67F9A}
		{353ECCCB-510B-4E72-A70B-F0F3CD88227D} = {A7182947-5E9D-4DF7-870F-7CCDFE091DA5}
		{F9F993D0-F062-494F-8900-FCBA5C2900D4} = {CF3FBDFF-4C60-4685-BA68-7D7C35F613BD}
	EndGlobalSection
	GlobalSection(ExtensibilityGlobals) = postSolution
		SolutionGuid = {9FA06F4F-D462-486F-9648-1BEF7135A30A}
	EndGlobalSection
EndGlobal
